// !$*UTF8*$!
{
	archiveVersion = 1;
	classes = {
	};
	objectVersion = 55;
	objects = {

/* Begin PBXBuildFile section */
		2754681C28BD9E3F00ACE619 /* ColorTheme.swift in Sources */ = {isa = PBXBuildFile; fileRef = 2754681B28BD9E3F00ACE619 /* ColorTheme.swift */; };
		27C06D2928BD4DDE002886BE /* AppDelegate.swift in Sources */ = {isa = PBXBuildFile; fileRef = 27C06D2828BD4DDE002886BE /* AppDelegate.swift */; };
		27C06D2B28BD4DDE002886BE /* SceneDelegate.swift in Sources */ = {isa = PBXBuildFile; fileRef = 27C06D2A28BD4DDE002886BE /* SceneDelegate.swift */; };
		27C06D2D28BD4DDE002886BE /* ViewController.swift in Sources */ = {isa = PBXBuildFile; fileRef = 27C06D2C28BD4DDE002886BE /* ViewController.swift */; };
		27C06D3028BD4DDE002886BE /* Main.storyboard in Resources */ = {isa = PBXBuildFile; fileRef = 27C06D2E28BD4DDE002886BE /* Main.storyboard */; };
		27C06D3228BD4DDF002886BE /* Assets.xcassets in Resources */ = {isa = PBXBuildFile; fileRef = 27C06D3128BD4DDF002886BE /* Assets.xcassets */; };
		27C06D3528BD4DDF002886BE /* LaunchScreen.storyboard in Resources */ = {isa = PBXBuildFile; fileRef = 27C06D3328BD4DDF002886BE /* LaunchScreen.storyboard */; };
		27C06D4028BD4DDF002886BE /* TipCalculatorTests.swift in Sources */ = {isa = PBXBuildFile; fileRef = 27C06D3F28BD4DDF002886BE /* TipCalculatorTests.swift */; };
		27C06D4A28BD4DDF002886BE /* TipCalculatorUITests.swift in Sources */ = {isa = PBXBuildFile; fileRef = 27C06D4928BD4DDF002886BE /* TipCalculatorUITests.swift */; };
		27C06D4C28BD4DDF002886BE /* TipCalculatorUITestsLaunchTests.swift in Sources */ = {isa = PBXBuildFile; fileRef = 27C06D4B28BD4DDF002886BE /* TipCalculatorUITestsLaunchTests.swift */; };
/* End PBXBuildFile section */

/* Begin PBXContainerItemProxy section */
		27C06D3C28BD4DDF002886BE /* PBXContainerItemProxy */ = {
			isa = PBXContainerItemProxy;
			containerPortal = 27C06D1D28BD4DDE002886BE /* Project object */;
			proxyType = 1;
			remoteGlobalIDString = 27C06D2428BD4DDE002886BE;
			remoteInfo = TipCalculator;
		};
		27C06D4628BD4DDF002886BE /* PBXContainerItemProxy */ = {
			isa = PBXContainerItemProxy;
			containerPortal = 27C06D1D28BD4DDE002886BE /* Project object */;
			proxyType = 1;
			remoteGlobalIDString = 27C06D2428BD4DDE002886BE;
			remoteInfo = TipCalculator;
		};
/* End PBXContainerItemProxy section */

/* Begin PBXFileReference section */
		2754681B28BD9E3F00ACE619 /* ColorTheme.swift */ = {isa = PBXFileReference; lastKnownFileType = sourcecode.swift; path = ColorTheme.swift; sourceTree = "<group>"; };
		27C06D2528BD4DDE002886BE /* TipCalculator.app */ = {isa = PBXFileReference; explicitFileType = wrapper.application; includeInIndex = 0; path = TipCalculator.app; sourceTree = BUILT_PRODUCTS_DIR; };
		27C06D2828BD4DDE002886BE /* AppDelegate.swift */ = {isa = PBXFileReference; lastKnownFileType = sourcecode.swift; path = AppDelegate.swift; sourceTree = "<group>"; };
		27C06D2A28BD4DDE002886BE /* SceneDelegate.swift */ = {isa = PBXFileReference; lastKnownFileType = sourcecode.swift; path = SceneDelegate.swift; sourceTree = "<group>"; };
		27C06D2C28BD4DDE002886BE /* ViewController.swift */ = {isa = PBXFileReference; lastKnownFileType = sourcecode.swift; path = ViewController.swift; sourceTree = "<group>"; };
		27C06D2F28BD4DDE002886BE /* Base */ = {isa = PBXFileReference; lastKnownFileType = file.storyboard; name = Base; path = Base.lproj/Main.storyboard; sourceTree = "<group>"; };
		27C06D3128BD4DDF002886BE /* Assets.xcassets */ = {isa = PBXFileReference; lastKnownFileType = folder.assetcatalog; path = Assets.xcassets; sourceTree = "<group>"; };
		27C06D3428BD4DDF002886BE /* Base */ = {isa = PBXFileReference; lastKnownFileType = file.storyboard; name = Base; path = Base.lproj/LaunchScreen.storyboard; sourceTree = "<group>"; };
		27C06D3628BD4DDF002886BE /* Info.plist */ = {isa = PBXFileReference; lastKnownFileType = text.plist.xml; path = Info.plist; sourceTree = "<group>"; };
		27C06D3B28BD4DDF002886BE /* TipCalculatorTests.xctest */ = {isa = PBXFileReference; explicitFileType = wrapper.cfbundle; includeInIndex = 0; path = TipCalculatorTests.xctest; sourceTree = BUILT_PRODUCTS_DIR; };
		27C06D3F28BD4DDF002886BE /* TipCalculatorTests.swift */ = {isa = PBXFileReference; lastKnownFileType = sourcecode.swift; path = TipCalculatorTests.swift; sourceTree = "<group>"; };
		27C06D4528BD4DDF002886BE /* TipCalculatorUITests.xctest */ = {isa = PBXFileReference; explicitFileType = wrapper.cfbundle; includeInIndex = 0; path = TipCalculatorUITests.xctest; sourceTree = BUILT_PRODUCTS_DIR; };
		27C06D4928BD4DDF002886BE /* TipCalculatorUITests.swift */ = {isa = PBXFileReference; lastKnownFileType = sourcecode.swift; path = TipCalculatorUITests.swift; sourceTree = "<group>"; };
		27C06D4B28BD4DDF002886BE /* TipCalculatorUITestsLaunchTests.swift */ = {isa = PBXFileReference; lastKnownFileType = sourcecode.swift; path = TipCalculatorUITestsLaunchTests.swift; sourceTree = "<group>"; };
/* End PBXFileReference section */

/* Begin PBXFrameworksBuildPhase section */
		27C06D2228BD4DDE002886BE /* Frameworks */ = {
			isa = PBXFrameworksBuildPhase;
			buildActionMask = 2147483647;
			files = (
			);
			runOnlyForDeploymentPostprocessing = 0;
		};
		27C06D3828BD4DDF002886BE /* Frameworks */ = {
			isa = PBXFrameworksBuildPhase;
			buildActionMask = 2147483647;
			files = (
			);
			runOnlyForDeploymentPostprocessing = 0;
		};
		27C06D4228BD4DDF002886BE /* Frameworks */ = {
			isa = PBXFrameworksBuildPhase;
			buildActionMask = 2147483647;
			files = (
			);
			runOnlyForDeploymentPostprocessing = 0;
		};
/* End PBXFrameworksBuildPhase section */

/* Begin PBXGroup section */
		27C06D1C28BD4DDE002886BE = {
			isa = PBXGroup;
			children = (
				2754681B28BD9E3F00ACE619 /* ColorTheme.swift */,
				27C06D2728BD4DDE002886BE /* TipCalculator */,
				27C06D3E28BD4DDF002886BE /* TipCalculatorTests */,
				27C06D4828BD4DDF002886BE /* TipCalculatorUITests */,
				27C06D2628BD4DDE002886BE /* Products */,
			);
			sourceTree = "<group>";
		};
		27C06D2628BD4DDE002886BE /* Products */ = {
			isa = PBXGroup;
			children = (
				27C06D2528BD4DDE002886BE /* TipCalculator.app */,
				27C06D3B28BD4DDF002886BE /* TipCalculatorTests.xctest */,
				27C06D4528BD4DDF002886BE /* TipCalculatorUITests.xctest */,
			);
			name = Products;
			sourceTree = "<group>";
		};
		27C06D2728BD4DDE002886BE /* TipCalculator */ = {
			isa = PBXGroup;
			children = (
				27C06D2828BD4DDE002886BE /* AppDelegate.swift */,
				27C06D2A28BD4DDE002886BE /* SceneDelegate.swift */,
				27C06D2C28BD4DDE002886BE /* ViewController.swift */,
				27C06D2E28BD4DDE002886BE /* Main.storyboard */,
				27C06D3128BD4DDF002886BE /* Assets.xcassets */,
				27C06D3328BD4DDF002886BE /* LaunchScreen.storyboard */,
				27C06D3628BD4DDF002886BE /* Info.plist */,
			);
			path = TipCalculator;
			sourceTree = "<group>";
		};
		27C06D3E28BD4DDF002886BE /* TipCalculatorTests */ = {
			isa = PBXGroup;
			children = (
				27C06D3F28BD4DDF002886BE /* TipCalculatorTests.swift */,
			);
			path = TipCalculatorTests;
			sourceTree = "<group>";
		};
		27C06D4828BD4DDF002886BE /* TipCalculatorUITests */ = {
			isa = PBXGroup;
			children = (
				27C06D4928BD4DDF002886BE /* TipCalculatorUITests.swift */,
				27C06D4B28BD4DDF002886BE /* TipCalculatorUITestsLaunchTests.swift */,
			);
			path = TipCalculatorUITests;
			sourceTree = "<group>";
		};
/* End PBXGroup section */

/* Begin PBXNativeTarget section */
		27C06D2428BD4DDE002886BE /* TipCalculator */ = {
			isa = PBXNativeTarget;
			buildConfigurationList = 27C06D4F28BD4DDF002886BE /* Build configuration list for PBXNativeTarget "TipCalculator" */;
			buildPhases = (
				27C06D2128BD4DDE002886BE /* Sources */,
				27C06D2228BD4DDE002886BE /* Frameworks */,
				27C06D2328BD4DDE002886BE /* Resources */,
			);
			buildRules = (
			);
			dependencies = (
			);
			name = TipCalculator;
			productName = TipCalculator;
			productReference = 27C06D2528BD4DDE002886BE /* TipCalculator.app */;
			productType = "com.apple.product-type.application";
		};
		27C06D3A28BD4DDF002886BE /* TipCalculatorTests */ = {
			isa = PBXNativeTarget;
			buildConfigurationList = 27C06D5228BD4DDF002886BE /* Build configuration list for PBXNativeTarget "TipCalculatorTests" */;
			buildPhases = (
				27C06D3728BD4DDF002886BE /* Sources */,
				27C06D3828BD4DDF002886BE /* Frameworks */,
				27C06D3928BD4DDF002886BE /* Resources */,
			);
			buildRules = (
			);
			dependencies = (
				27C06D3D28BD4DDF002886BE /* PBXTargetDependency */,
			);
			name = TipCalculatorTests;
			productName = TipCalculatorTests;
			productReference = 27C06D3B28BD4DDF002886BE /* TipCalculatorTests.xctest */;
			productType = "com.apple.product-type.bundle.unit-test";
		};
		27C06D4428BD4DDF002886BE /* TipCalculatorUITests */ = {
			isa = PBXNativeTarget;
			buildConfigurationList = 27C06D5528BD4DDF002886BE /* Build configuration list for PBXNativeTarget "TipCalculatorUITests" */;
			buildPhases = (
				27C06D4128BD4DDF002886BE /* Sources */,
				27C06D4228BD4DDF002886BE /* Frameworks */,
				27C06D4328BD4DDF002886BE /* Resources */,
			);
			buildRules = (
			);
			dependencies = (
				27C06D4728BD4DDF002886BE /* PBXTargetDependency */,
			);
			name = TipCalculatorUITests;
			productName = TipCalculatorUITests;
			productReference = 27C06D4528BD4DDF002886BE /* TipCalculatorUITests.xctest */;
			productType = "com.apple.product-type.bundle.ui-testing";
		};
/* End PBXNativeTarget section */

/* Begin PBXProject section */
		27C06D1D28BD4DDE002886BE /* Project object */ = {
			isa = PBXProject;
			attributes = {
				BuildIndependentTargetsInParallel = 1;
				LastSwiftUpdateCheck = 1340;
				LastUpgradeCheck = 1340;
				TargetAttributes = {
					27C06D2428BD4DDE002886BE = {
						CreatedOnToolsVersion = 13.4.1;
					};
					27C06D3A28BD4DDF002886BE = {
						CreatedOnToolsVersion = 13.4.1;
						TestTargetID = 27C06D2428BD4DDE002886BE;
					};
					27C06D4428BD4DDF002886BE = {
						CreatedOnToolsVersion = 13.4.1;
						TestTargetID = 27C06D2428BD4DDE002886BE;
					};
				};
			};
			buildConfigurationList = 27C06D2028BD4DDE002886BE /* Build configuration list for PBXProject "TipCalculator" */;
			compatibilityVersion = "Xcode 13.0";
			developmentRegion = en;
			hasScannedForEncodings = 0;
			knownRegions = (
				en,
				Base,
			);
			mainGroup = 27C06D1C28BD4DDE002886BE;
			productRefGroup = 27C06D2628BD4DDE002886BE /* Products */;
			projectDirPath = "";
			projectRoot = "";
			targets = (
				27C06D2428BD4DDE002886BE /* TipCalculator */,
				27C06D3A28BD4DDF002886BE /* TipCalculatorTests */,
				27C06D4428BD4DDF002886BE /* TipCalculatorUITests */,
			);
		};
/* End PBXProject section */

/* Begin PBXResourcesBuildPhase section */
		27C06D2328BD4DDE002886BE /* Resources */ = {
			isa = PBXResourcesBuildPhase;
			buildActionMask = 2147483647;
			files = (
				27C06D3528BD4DDF002886BE /* LaunchScreen.storyboard in Resources */,
				27C06D3228BD4DDF002886BE /* Assets.xcassets in Resources */,
				27C06D3028BD4DDE002886BE /* Main.storyboard in Resources */,
			);
			runOnlyForDeploymentPostprocessing = 0;
		};
		27C06D3928BD4DDF002886BE /* Resources */ = {
			isa = PBXResourcesBuildPhase;
			buildActionMask = 2147483647;
			files = (
			);
			runOnlyForDeploymentPostprocessing = 0;
		};
		27C06D4328BD4DDF002886BE /* Resources */ = {
			isa = PBXResourcesBuildPhase;
			buildActionMask = 2147483647;
			files = (
			);
			runOnlyForDeploymentPostprocessing = 0;
		};
/* End PBXResourcesBuildPhase section */

/* Begin PBXSourcesBuildPhase section */
		27C06D2128BD4DDE002886BE /* Sources */ = {
			isa = PBXSourcesBuildPhase;
			buildActionMask = 2147483647;
			files = (
				27C06D2D28BD4DDE002886BE /* ViewController.swift in Sources */,
				2754681C28BD9E3F00ACE619 /* ColorTheme.swift in Sources */,
				27C06D2928BD4DDE002886BE /* AppDelegate.swift in Sources */,
				27C06D2B28BD4DDE002886BE /* SceneDelegate.swift in Sources */,
			);
			runOnlyForDeploymentPostprocessing = 0;
		};
		27C06D3728BD4DDF002886BE /* Sources */ = {
			isa = PBXSourcesBuildPhase;
			buildActionMask = 2147483647;
			files = (
				27C06D4028BD4DDF002886BE /* TipCalculatorTests.swift in Sources */,
			);
			runOnlyForDeploymentPostprocessing = 0;
		};
		27C06D4128BD4DDF002886BE /* Sources */ = {
			isa = PBXSourcesBuildPhase;
			buildActionMask = 2147483647;
			files = (
				27C06D4C28BD4DDF002886BE /* TipCalculatorUITestsLaunchTests.swift in Sources */,
				27C06D4A28BD4DDF002886BE /* TipCalculatorUITests.swift in Sources */,
			);
			runOnlyForDeploymentPostprocessing = 0;
		};
/* End PBXSourcesBuildPhase section */

/* Begin PBXTargetDependency section */
		27C06D3D28BD4DDF002886BE /* PBXTargetDependency */ = {
			isa = PBXTargetDependency;
			target = 27C06D2428BD4DDE002886BE /* TipCalculator */;
			targetProxy = 27C06D3C28BD4DDF002886BE /* PBXContainerItemProxy */;
		};
		27C06D4728BD4DDF002886BE /* PBXTargetDependency */ = {
			isa = PBXTargetDependency;
			target = 27C06D2428BD4DDE002886BE /* TipCalculator */;
			targetProxy = 27C06D4628BD4DDF002886BE /* PBXContainerItemProxy */;
		};
/* End PBXTargetDependency section */

/* Begin PBXVariantGroup section */
		27C06D2E28BD4DDE002886BE /* Main.storyboard */ = {
			isa = PBXVariantGroup;
			children = (
				27C06D2F28BD4DDE002886BE /* Base */,
			);
			name = Main.storyboard;
			sourceTree = "<group>";
		};
		27C06D3328BD4DDF002886BE /* LaunchScreen.storyboard */ = {
			isa = PBXVariantGroup;
			children = (
				27C06D3428BD4DDF002886BE /* Base */,
			);
			name = LaunchScreen.storyboard;
			sourceTree = "<group>";
		};
/* End PBXVariantGroup section */

/* Begin XCBuildConfiguration section */
		27C06D4D28BD4DDF002886BE /* Debug */ = {
			isa = XCBuildConfiguration;
			buildSettings = {
				ALWAYS_SEARCH_USER_PATHS = NO;
				CLANG_ANALYZER_NONNULL = YES;
				CLANG_ANALYZER_NUMBER_OBJECT_CONVERSION = YES_AGGRESSIVE;
				CLANG_CXX_LANGUAGE_STANDARD = "gnu++17";
				CLANG_ENABLE_MODULES = YES;
				CLANG_ENABLE_OBJC_ARC = YES;
				CLANG_ENABLE_OBJC_WEAK = YES;
				CLANG_WARN_BLOCK_CAPTURE_AUTORELEASING = YES;
				CLANG_WARN_BOOL_CONVERSION = YES;
				CLANG_WARN_COMMA = YES;
				CLANG_WARN_CONSTANT_CONVERSION = YES;
				CLANG_WARN_DEPRECATED_OBJC_IMPLEMENTATIONS = YES;
				CLANG_WARN_DIRECT_OBJC_ISA_USAGE = YES_ERROR;
				CLANG_WARN_DOCUMENTATION_COMMENTS = YES;
				CLANG_WARN_EMPTY_BODY = YES;
				CLANG_WARN_ENUM_CONVERSION = YES;
				CLANG_WARN_INFINITE_RECURSION = YES;
				CLANG_WARN_INT_CONVERSION = YES;
				CLANG_WARN_NON_LITERAL_NULL_CONVERSION = YES;
				CLANG_WARN_OBJC_IMPLICIT_RETAIN_SELF = YES;
				CLANG_WARN_OBJC_LITERAL_CONVERSION = YES;
				CLANG_WARN_OBJC_ROOT_CLASS = YES_ERROR;
				CLANG_WARN_QUOTED_INCLUDE_IN_FRAMEWORK_HEADER = YES;
				CLANG_WARN_RANGE_LOOP_ANALYSIS = YES;
				CLANG_WARN_STRICT_PROTOTYPES = YES;
				CLANG_WARN_SUSPICIOUS_MOVE = YES;
				CLANG_WARN_UNGUARDED_AVAILABILITY = YES_AGGRESSIVE;
				CLANG_WARN_UNREACHABLE_CODE = YES;
				CLANG_WARN__DUPLICATE_METHOD_MATCH = YES;
				COPY_PHASE_STRIP = NO;
				DEBUG_INFORMATION_FORMAT = dwarf;
				ENABLE_STRICT_OBJC_MSGSEND = YES;
				ENABLE_TESTABILITY = YES;
				GCC_C_LANGUAGE_STANDARD = gnu11;
				GCC_DYNAMIC_NO_PIC = NO;
				GCC_NO_COMMON_BLOCKS = YES;
				GCC_OPTIMIZATION_LEVEL = 0;
				GCC_PREPROCESSOR_DEFINITIONS = (
					"DEBUG=1",
					"$(inherited)",
				);
				GCC_WARN_64_TO_32_BIT_CONVERSION = YES;
				GCC_WARN_ABOUT_RETURN_TYPE = YES_ERROR;
				GCC_WARN_UNDECLARED_SELECTOR = YES;
				GCC_WARN_UNINITIALIZED_AUTOS = YES_AGGRESSIVE;
				GCC_WARN_UNUSED_FUNCTION = YES;
				GCC_WARN_UNUSED_VARIABLE = YES;
				IPHONEOS_DEPLOYMENT_TARGET = 15.5;
				MTL_ENABLE_DEBUG_INFO = INCLUDE_SOURCE;
				MTL_FAST_MATH = YES;
				ONLY_ACTIVE_ARCH = YES;
				SDKROOT = iphoneos;
				SWIFT_ACTIVE_COMPILATION_CONDITIONS = DEBUG;
				SWIFT_OPTIMIZATION_LEVEL = "-Onone";
			};
			name = Debug;
		};
		27C06D4E28BD4DDF002886BE /* Release */ = {
			isa = XCBuildConfiguration;
			buildSettings = {
				ALWAYS_SEARCH_USER_PATHS = NO;
				CLANG_ANALYZER_NONNULL = YES;
				CLANG_ANALYZER_NUMBER_OBJECT_CONVERSION = YES_AGGRESSIVE;
				CLANG_CXX_LANGUAGE_STANDARD = "gnu++17";
				CLANG_ENABLE_MODULES = YES;
				CLANG_ENABLE_OBJC_ARC = YES;
				CLANG_ENABLE_OBJC_WEAK = YES;
				CLANG_WARN_BLOCK_CAPTURE_AUTORELEASING = YES;
				CLANG_WARN_BOOL_CONVERSION = YES;
				CLANG_WARN_COMMA = YES;
				CLANG_WARN_CONSTANT_CONVERSION = YES;
				CLANG_WARN_DEPRECATED_OBJC_IMPLEMENTATIONS = YES;
				CLANG_WARN_DIRECT_OBJC_ISA_USAGE = YES_ERROR;
				CLANG_WARN_DOCUMENTATION_COMMENTS = YES;
				CLANG_WARN_EMPTY_BODY = YES;
				CLANG_WARN_ENUM_CONVERSION = YES;
				CLANG_WARN_INFINITE_RECURSION = YES;
				CLANG_WARN_INT_CONVERSION = YES;
				CLANG_WARN_NON_LITERAL_NULL_CONVERSION = YES;
				CLANG_WARN_OBJC_IMPLICIT_RETAIN_SELF = YES;
				CLANG_WARN_OBJC_LITERAL_CONVERSION = YES;
				CLANG_WARN_OBJC_ROOT_CLASS = YES_ERROR;
				CLANG_WARN_QUOTED_INCLUDE_IN_FRAMEWORK_HEADER = YES;
				CLANG_WARN_RANGE_LOOP_ANALYSIS = YES;
				CLANG_WARN_STRICT_PROTOTYPES = YES;
				CLANG_WARN_SUSPICIOUS_MOVE = YES;
				CLANG_WARN_UNGUARDED_AVAILABILITY = YES_AGGRESSIVE;
				CLANG_WARN_UNREACHABLE_CODE = YES;
				CLANG_WARN__DUPLICATE_METHOD_MATCH = YES;
				COPY_PHASE_STRIP = NO;
				DEBUG_INFORMATION_FORMAT = "dwarf-with-dsym";
				ENABLE_NS_ASSERTIONS = NO;
				ENABLE_STRICT_OBJC_MSGSEND = YES;
				GCC_C_LANGUAGE_STANDARD = gnu11;
				GCC_NO_COMMON_BLOCKS = YES;
				GCC_WARN_64_TO_32_BIT_CONVERSION = YES;
				GCC_WARN_ABOUT_RETURN_TYPE = YES_ERROR;
				GCC_WARN_UNDECLARED_SELECTOR = YES;
				GCC_WARN_UNINITIALIZED_AUTOS = YES_AGGRESSIVE;
				GCC_WARN_UNUSED_FUNCTION = YES;
				GCC_WARN_UNUSED_VARIABLE = YES;
				IPHONEOS_DEPLOYMENT_TARGET = 15.5;
				MTL_ENABLE_DEBUG_INFO = NO;
				MTL_FAST_MATH = YES;
				SDKROOT = iphoneos;
				SWIFT_COMPILATION_MODE = wholemodule;
				SWIFT_OPTIMIZATION_LEVEL = "-O";
				VALIDATE_PRODUCT = YES;
			};
			name = Release;
		};
		27C06D5028BD4DDF002886BE /* Debug */ = {
			isa = XCBuildConfiguration;
			buildSettings = {
				ASSETCATALOG_COMPILER_APPICON_NAME = AppIcon;
				ASSETCATALOG_COMPILER_GLOBAL_ACCENT_COLOR_NAME = AccentColor;
				CODE_SIGN_STYLE = Automatic;
				CURRENT_PROJECT_VERSION = 1;
				GENERATE_INFOPLIST_FILE = YES;
				INFOPLIST_FILE = TipCalculator/Info.plist;
				INFOPLIST_KEY_UIApplicationSupportsIndirectInputEvents = YES;
				INFOPLIST_KEY_UILaunchStoryboardName = LaunchScreen;
				INFOPLIST_KEY_UIMainStoryboardFile = Main;
				INFOPLIST_KEY_UISupportedInterfaceOrientations_iPad = "UIInterfaceOrientationPortrait UIInterfaceOrientationPortraitUpsideDown UIInterfaceOrientationLandscapeLeft UIInterfaceOrientationLandscapeRight";
				INFOPLIST_KEY_UISupportedInterfaceOrientations_iPhone = "UIInterfaceOrientationPortrait UIInterfaceOrientationLandscapeLeft UIInterfaceOrientationLandscapeRight";
				LD_RUNPATH_SEARCH_PATHS = (
					"$(inherited)",
					"@executable_path/Frameworks",
				);
				MARKETING_VERSION = 1.0;
				PRODUCT_BUNDLE_IDENTIFIER = com.EvelynGao.TipCalculator;
				PRODUCT_NAME = "$(TARGET_NAME)";
				SWIFT_EMIT_LOC_STRINGS = YES;
				SWIFT_VERSION = 5.0;
				TARGETED_DEVICE_FAMILY = "1,2";
			};
			name = Debug;
		};
		27C06D5128BD4DDF002886BE /* Release */ = {
			isa = XCBuildConfiguration;
			buildSettings = {
				ASSETCATALOG_COMPILER_APPICON_NAME = AppIcon;
				ASSETCATALOG_COMPILER_GLOBAL_ACCENT_COLOR_NAME = AccentColor;
				CODE_SIGN_STYLE = Automatic;
				CURRENT_PROJECT_VERSION = 1;
				GENERATE_INFOPLIST_FILE = YES;
				INFOPLIST_FILE = TipCalculator/Info.plist;
				INFOPLIST_KEY_UIApplicationSupportsIndirectInputEvents = YES;
				INFOPLIST_KEY_UILaunchStoryboardName = LaunchScreen;
				INFOPLIST_KEY_UIMainStoryboardFile = Main;
				INFOPLIST_KEY_UISupportedInterfaceOrientations_iPad = "UIInterfaceOrientationPortrait UIInterfaceOrientationPortraitUpsideDown UIInterfaceOrientationLandscapeLeft UIInterfaceOrientationLandscapeRight";
				INFOPLIST_KEY_UISupportedInterfaceOrientations_iPhone = "UIInterfaceOrientationPortrait UIInterfaceOrientationLandscapeLeft UIInterfaceOrientationLandscapeRight";
				LD_RUNPATH_SEARCH_PATHS = (
					"$(inherited)",
					"@executable_path/Frameworks",
				);
				MARKETING_VERSION = 1.0;
				PRODUCT_BUNDLE_IDENTIFIER = com.EvelynGao.TipCalculator;
				PRODUCT_NAME = "$(TARGET_NAME)";
				SWIFT_EMIT_LOC_STRINGS = YES;
				SWIFT_VERSION = 5.0;
				TARGETED_DEVICE_FAMILY = "1,2";
			};
			name = Release;
		};
		27C06D5328BD4DDF002886BE /* Debug */ = {
			isa = XCBuildConfiguration;
			buildSettings = {
				ALWAYS_EMBED_SWIFT_STANDARD_LIBRARIES = YES;
				BUNDLE_LOADER = "$(TEST_HOST)";
				CODE_SIGN_STYLE = Automatic;
				CURRENT_PROJECT_VERSION = 1;
				GENERATE_INFOPLIST_FILE = YES;
				IPHONEOS_DEPLOYMENT_TARGET = 15.5;
				MARKETING_VERSION = 1.0;
				PRODUCT_BUNDLE_IDENTIFIER = com.EvelynGao.TipCalculatorTests;
				PRODUCT_NAME = "$(TARGET_NAME)";
				SWIFT_EMIT_LOC_STRINGS = NO;
				SWIFT_VERSION = 5.0;
				TARGETED_DEVICE_FAMILY = "1,2";
				TEST_HOST = "$(BUILT_PRODUCTS_DIR)/TipCalculator.app/TipCalculator";
			};
			name = Debug;
		};
		27C06D5428BD4DDF002886BE /* Release */ = {
			isa = XCBuildConfiguration;
			buildSettings = {
				ALWAYS_EMBED_SWIFT_STANDARD_LIBRARIES = YES;
				BUNDLE_LOADER = "$(TEST_HOST)";
				CODE_SIGN_STYLE = Automatic;
				CURRENT_PROJECT_VERSION = 1;
				GENERATE_INFOPLIST_FILE = YES;
				IPHONEOS_DEPLOYMENT_TARGET = 15.5;
				MARKETING_VERSION = 1.0;
				PRODUCT_BUNDLE_IDENTIFIER = com.EvelynGao.TipCalculatorTests;
				PRODUCT_NAME = "$(TARGET_NAME)";
				SWIFT_EMIT_LOC_STRINGS = NO;
				SWIFT_VERSION = 5.0;
				TARGETED_DEVICE_FAMILY = "1,2";
				TEST_HOST = "$(BUILT_PRODUCTS_DIR)/TipCalculator.app/TipCalculator";
			};
			name = Release;
		};
		27C06D5628BD4DDF002886BE /* Debug */ = {
			isa = XCBuildConfiguration;
			buildSettings = {
				ALWAYS_EMBED_SWIFT_STANDARD_LIBRARIES = YES;
				CODE_SIGN_STYLE = Automatic;
				CURRENT_PROJECT_VERSION = 1;
				GENERATE_INFOPLIST_FILE = YES;
				MARKETING_VERSION = 1.0;
				PRODUCT_BUNDLE_IDENTIFIER = com.EvelynGao.TipCalculatorUITests;
				PRODUCT_NAME = "$(TARGET_NAME)";
				SWIFT_EMIT_LOC_STRINGS = NO;
				SWIFT_VERSION = 5.0;
				TARGETED_DEVICE_FAMILY = "1,2";
				TEST_TARGET_NAME = TipCalculator;
			};
			name = Debug;
		};
		27C06D5728BD4DDF002886BE /* Release */ = {
			isa = XCBuildConfiguration;
			buildSettings = {
				ALWAYS_EMBED_SWIFT_STANDARD_LIBRARIES = YES;
				CODE_SIGN_STYLE = Automatic;
				CURRENT_PROJECT_VERSION = 1;
				GENERATE_INFOPLIST_FILE = YES;
				MARKETING_VERSION = 1.0;
				PRODUCT_BUNDLE_IDENTIFIER = com.EvelynGao.TipCalculatorUITests;
				PRODUCT_NAME = "$(TARGET_NAME)";
				SWIFT_EMIT_LOC_STRINGS = NO;
				SWIFT_VERSION = 5.0;
				TARGETED_DEVICE_FAMILY = "1,2";
				TEST_TARGET_NAME = TipCalculator;
			};
			name = Release;
		};
/* End XCBuildConfiguration section */

/* Begin XCConfigurationList section */
		27C06D2028BD4DDE002886BE /* Build configuration list for PBXProject "TipCalculator" */ = {
			isa = XCConfigurationList;
			buildConfigurations = (
				27C06D4D28BD4DDF002886BE /* Debug */,
				27C06D4E28BD4DDF002886BE /* Release */,
			);
			defaultConfigurationIsVisible = 0;
			defaultConfigurationName = Release;
		};
		27C06D4F28BD4DDF002886BE /* Build configuration list for PBXNativeTarget "TipCalculator" */ = {
			isa = XCConfigurationList;
			buildConfigurations = (
				27C06D5028BD4DDF002886BE /* Debug */,
				27C06D5128BD4DDF002886BE /* Release */,
			);
			defaultConfigurationIsVisible = 0;
			defaultConfigurationName = Release;
		};
		27C06D5228BD4DDF002886BE /* Build configuration list for PBXNativeTarget "TipCalculatorTests" */ = {
			isa = XCConfigurationList;
			buildConfigurations = (
				27C06D5328BD4DDF002886BE /* Debug */,
				27C06D5428BD4DDF002886BE /* Release */,
			);
			defaultConfigurationIsVisible = 0;
			defaultConfigurationName = Release;
		};
		27C06D5528BD4DDF002886BE /* Build configuration list for PBXNativeTarget "TipCalculatorUITests" */ = {
			isa = XCConfigurationList;
			buildConfigurations = (
				27C06D5628BD4DDF002886BE /* Debug */,
				27C06D5728BD4DDF002886BE /* Release */,
			);
			defaultConfigurationIsVisible = 0;
			defaultConfigurationName = Release;
		};
/* End XCConfigurationList section */
	};
	rootObject = 27C06D1D28BD4DDE002886BE /* Project object */;
}
